
Microsoft Visual Studio Solution File, Format Version 12.00
# Visual Studio Version 16
VisualStudioVersion = 16.0.31019.35
MinimumVisualStudioVersion = 10.0.40219.1
Project("{2150E333-8FDC-42A3-9474-1A3956D46DE8}") = "src", "src", "{A8843888-75C8-4503-ACCD-4BBD695FC384}"
EndProject
Project("{FAE04EC0-301F-11D3-BF4B-00C04F79EFBC}") = "eazy.sms", "src\eazy.sms\eazy.sms.csproj", "{45452B17-42B5-4B7C-BEB4-3F6604088324}"
EndProject
Global
	GlobalSection(SolutionConfigurationPlatforms) = preSolution
		Debug|Any CPU = Debug|Any CPU
		Release|Any CPU = Release|Any CPU
	EndGlobalSection
	GlobalSection(ProjectConfigurationPlatforms) = postSolution
		{45452B17-42B5-4B7C-BEB4-3F6604088324}.Debug|Any CPU.ActiveCfg = Debug|Any CPU
		{45452B17-42B5-4B7C-BEB4-3F6604088324}.Debug|Any CPU.Build.0 = Debug|Any CPU
		{45452B17-42B5-4B7C-BEB4-3F6604088324}.Release|Any CPU.ActiveCfg = Release|Any CPU
		{45452B17-42B5-4B7C-BEB4-3F6604088324}.Release|Any CPU.Build.0 = Release|Any CPU
	EndGlobalSection
	GlobalSection(SolutionProperties) = preSolution
		HideSolutionNode = FALSE
	EndGlobalSection
	GlobalSection(NestedProjects) = preSolution
		{45452B17-42B5-4B7C-BEB4-3F6604088324} = {A8843888-75C8-4503-ACCD-4BBD695FC384}
	EndGlobalSection
	GlobalSection(ExtensibilityGlobals) = postSolution
		SolutionGuid = {52FD7620-5635-47BE-B877-DD0E2270A4FC}
	EndGlobalSection
EndGlobal
